[[package]]
name = "importlib-metadata"
version = "4.11.3"
description = "Read metadata from Python packages"
category = "dev"
optional = false
python-versions = ">=3.7"

[package.dependencies]
typing-extensions = {version = ">=3.6.4", markers = "python_version < \"3.8\""}
zipp = ">=0.5"

[package.extras]
docs = ["sphinx", "jaraco.packaging (>=9)", "rst.linker (>=1.9)"]
perf = ["ipython"]
testing = ["pytest (>=6)", "pytest-checkdocs (>=2.4)", "pytest-flake8", "pytest-cov", "pytest-enabler (>=1.0.1)", "packaging", "pyfakefs", "flufl.flake8", "pytest-perf (>=0.9.2)", "pytest-black (>=0.3.7)", "pytest-mypy (>=0.9.1)", "importlib-resources (>=1.3)"]

[[package]]
name = "pyvisa"
version = "1.11.3"
description = "Python VISA bindings for GPIB, RS232, TCPIP and USB instruments"
category = "dev"
optional = false
python-versions = ">=3.6"

[package.dependencies]
importlib-metadata = {version = "*", markers = "python_version < \"3.8\""}
typing-extensions = "*"

[[package]]
name = "pyvisa-py"
version = "0.5.2"
description = "Python VISA bindings for GPIB, RS232, and USB instruments"
category = "dev"
optional = false
python-versions = ">=3.6"

[package.dependencies]
importlib-metadata = {version = "*", markers = "python_version < \"3.8\""}
pyvisa = ">=1.11.0"
typing-extensions = "*"

[package.extras]
gpib_ctypes = ["gpib-ctypes (>=0.3.0)"]
serial = ["pyserial (>=3.0)"]
usb = ["pyusb"]

[[package]]
name = "typing-extensions"
version = "4.1.1"
description = "Backported and Experimental Type Hints for Python 3.6+"
category = "dev"
optional = false
python-versions = ">=3.6"

[[package]]
name = "zipp"
version = "3.8.0"
description = "Backport of pathlib-compatible object wrapper for zip files"
category = "dev"
optional = false
python-versions = ">=3.7"

[package.extras]
docs = ["sphinx", "jaraco.packaging (>=9)", "rst.linker (>=1.9)"]
testing = ["pytest (>=6)", "pytest-checkdocs (>=2.4)", "pytest-flake8", "pytest-cov", "pytest-enabler (>=1.0.1)", "jaraco.itertools", "func-timeout", "pytest-black (>=0.3.7)", "pytest-mypy (>=0.9.1)"]

[metadata]
lock-version = "1.1"
python-versions = "^3.7"
content-hash = "30155e2e7b889eb07adace42b29dd58cef8834cffa6115f0c33adb0b2b1f95b5"

[metadata.files]
importlib-metadata = [
    {file = "importlib_metadata-4.11.3-py3-none-any.whl", hash = "sha256:1208431ca90a8cca1a6b8af391bb53c1a2db74e5d1cef6ddced95d4b2062edc6"},
    {file = "importlib_metadata-4.11.3.tar.gz", hash = "sha256:ea4c597ebf37142f827b8f39299579e31685c31d3a438b59f469406afd0f2539"},
]
pyvisa = [
    {file = "PyVISA-1.11.3-py3-none-any.whl", hash = "sha256:0a03d86cb0ec7b660cdade20d0c868f90feaecfda20dd5569be2cbb8e34cb394"},
    {file = "PyVISA-1.11.3.tar.gz", hash = "sha256:fb4b601d49fce1a00926fcdde5548bd54f0511f549188a3e0c1e4628c3d86703"},
]
pyvisa-py = [
    {file = "PyVISA-py-0.5.2.tar.gz", hash = "sha256:70fdf68e6dabd45dab28ddcd73460d66c525acd7ff6d66a59c4dd8ff8afc7214"},
    {file = "PyVISA_py-0.5.2-py3-none-any.whl", hash = "sha256:fd5fc0189e7f968505bcbd67e7f3477eebcc9b6e7e32a970a5cd0fba79b2403a"},
]
typing-extensions = [
    {file = "typing_extensions-4.1.1-py3-none-any.whl", hash = "sha256:21c85e0fe4b9a155d0799430b0ad741cdce7e359660ccbd8b530613e8df88ce2"},
    {file = "typing_extensions-4.1.1.tar.gz", hash = "sha256:1a9462dcc3347a79b1f1c0271fbe79e844580bb598bafa1ed208b94da3cdcd42"},
]
zipp = [
    {file = "zipp-3.8.0-py3-none-any.whl", hash = "sha256:c4f6e5bbf48e74f7a38e7cc5b0480ff42b0ae5178957d564d18932525d5cf099"},
    {file = "zipp-3.8.0.tar.gz", hash = "sha256:56bf8aadb83c24db6c4b577e13de374ccfb67da2078beba1d037c17980bf43ad"},
]
